
Microsoft Visual Studio Solution File, Format Version 12.00
# Visual Studio Version 16
VisualStudioVersion = 16.0.31025.194
MinimumVisualStudioVersion = 10.0.40219.1
Project("{FAE04EC0-301F-11D3-BF4B-00C04F79EFBC}") = "test_calculator", "test_calculator\test_calculator.csproj", "{DBC5AFFE-99DC-448F-A1D0-F630CEA79E7D}"
EndProject
Global
	GlobalSection(SolutionConfigurationPlatforms) = preSolution
		Debug|Any CPU = Debug|Any CPU
		Release|Any CPU = Release|Any CPU
	EndGlobalSection
	GlobalSection(ProjectConfigurationPlatforms) = postSolution
		{DBC5AFFE-99DC-448F-A1D0-F630CEA79E7D}.Debug|Any CPU.ActiveCfg = Debug|Any CPU
		{DBC5AFFE-99DC-448F-A1D0-F630CEA79E7D}.Debug|Any CPU.Build.0 = Debug|Any CPU
		{DBC5AFFE-99DC-448F-A1D0-F630CEA79E7D}.Release|Any CPU.ActiveCfg = Release|Any CPU
		{DBC5AFFE-99DC-448F-A1D0-F630CEA79E7D}.Release|Any CPU.Build.0 = Release|Any CPU
	EndGlobalSection
	GlobalSection(SolutionProperties) = preSolution
		HideSolutionNode = FALSE
	EndGlobalSection
	GlobalSection(ExtensibilityGlobals) = postSolution
		SolutionGuid = {A640BB77-61D1-4DF3-AE22-7C9F3F4E6802}
	EndGlobalSection
EndGlobal
